
Microsoft Visual Studio Solution File, Format Version 12.00
# Visual Studio Version 16
VisualStudioVersion = 16.0.31025.194
MinimumVisualStudioVersion = 10.0.40219.1
Project("{FAE04EC0-301F-11D3-BF4B-00C04F79EFBC}") = "MaterialExamV3", "MaterialExamV3\MaterialExamV3.csproj", "{C4DCC3D2-FB3D-443E-ABD1-C750846B22E8}"
EndProject
Global
	GlobalSection(SolutionConfigurationPlatforms) = preSolution
		Debug|Any CPU = Debug|Any CPU
		Release|Any CPU = Release|Any CPU
	EndGlobalSection
	GlobalSection(ProjectConfigurationPlatforms) = postSolution
		{C4DCC3D2-FB3D-443E-ABD1-C750846B22E8}.Debug|Any CPU.ActiveCfg = Debug|Any CPU
		{C4DCC3D2-FB3D-443E-ABD1-C750846B22E8}.Debug|Any CPU.Build.0 = Debug|Any CPU
		{C4DCC3D2-FB3D-443E-ABD1-C750846B22E8}.Release|Any CPU.ActiveCfg = Release|Any CPU
		{C4DCC3D2-FB3D-443E-ABD1-C750846B22E8}.Release|Any CPU.Build.0 = Release|Any CPU
	EndGlobalSection
	GlobalSection(SolutionProperties) = preSolution
		HideSolutionNode = FALSE
	EndGlobalSection
	GlobalSection(ExtensibilityGlobals) = postSolution
		SolutionGuid = {A87D4934-1C33-4753-9163-3B73BFFA8016}
	EndGlobalSection
EndGlobal
